
Microsoft Visual Studio Solution File, Format Version 10.00
# Visual Studio 2008
Project("{F184B08F-C81C-45F6-A57F-5ABD9991F28F}") = "activiser.WebService", "WebService\activiser.WebService.vbproj", "{C0AA4A2D-48B5-4755-BF38-8E5C3578D707}"
	ProjectSection(ProjectDependencies) = postProject
		{4F6F7BCB-E870-4237-9603-EBAE912A9751} = {4F6F7BCB-E870-4237-9603-EBAE912A9751}
		{C457CBE2-5EFE-43BD-83F1-4535FD9AA660} = {C457CBE2-5EFE-43BD-83F1-4535FD9AA660}
	EndProjectSection
EndProject
Project("{F184B08F-C81C-45F6-A57F-5ABD9991F28F}") = "activiser.WebService.DataAccessLayer", "activiser.WebService.DataAccessLayer\activiser.WebService.DataAccessLayer.vbproj", "{4F6F7BCB-E870-4237-9603-EBAE912A9751}"
	ProjectSection(ProjectDependencies) = postProject
		{403EAFFD-3605-45A1-8E93-B7AFFB58DC4E} = {403EAFFD-3605-45A1-8E93-B7AFFB58DC4E}
	EndProjectSection
EndProject
Project("{F184B08F-C81C-45F6-A57F-5ABD9991F28F}") = "activiser.WebService.Utilities", "Utilities\activiser.WebService.Utilities.vbproj", "{403EAFFD-3605-45A1-8E93-B7AFFB58DC4E}"
EndProject
Project("{FAE04EC0-301F-11D3-BF4B-00C04F79EFBC}") = "activiser.WebService.InputGateway", "activiser.WebService.InputGateway\activiser.WebService.InputGateway.csproj", "{EABE47BB-5BC1-4C1E-9A01-B77CABBF6D56}"
	ProjectSection(ProjectDependencies) = postProject
		{4F6F7BCB-E870-4237-9603-EBAE912A9751} = {4F6F7BCB-E870-4237-9603-EBAE912A9751}
		{C457CBE2-5EFE-43BD-83F1-4535FD9AA660} = {C457CBE2-5EFE-43BD-83F1-4535FD9AA660}
		{403EAFFD-3605-45A1-8E93-B7AFFB58DC4E} = {403EAFFD-3605-45A1-8E93-B7AFFB58DC4E}
	EndProjectSection
EndProject
Project("{FAE04EC0-301F-11D3-BF4B-00C04F79EFBC}") = "activiser.WebService.OutputGateway.Base", "activiser.WebService.OutputGatewayBase\activiser.WebService.OutputGateway.Base.csproj", "{4A6C552B-BE73-4B8D-BC20-3FF67BF7B953}"
EndProject
Project("{FAE04EC0-301F-11D3-BF4B-00C04F79EFBC}") = "activiser.WebService.Gateway.DataAccessLayer", "activiser.WebService.Gateway.DataAccessLayer\activiser.WebService.Gateway.DataAccessLayer.csproj", "{C457CBE2-5EFE-43BD-83F1-4535FD9AA660}"
	ProjectSection(ProjectDependencies) = postProject
		{4F6F7BCB-E870-4237-9603-EBAE912A9751} = {4F6F7BCB-E870-4237-9603-EBAE912A9751}
		{403EAFFD-3605-45A1-8E93-B7AFFB58DC4E} = {403EAFFD-3605-45A1-8E93-B7AFFB58DC4E}
	EndProjectSection
EndProject
Project("{54435603-DBB4-11D2-8724-00A0C9A8B90C}") = "activiser.WebService.Setup", "activiser.WebService.Setup\activiser.WebService.Setup.vdproj", "{4C1E7CE7-5B51-4865-B03D-2A494BA3053B}"
	ProjectSection(ProjectDependencies) = postProject
		{4F6F7BCB-E870-4237-9603-EBAE912A9751} = {4F6F7BCB-E870-4237-9603-EBAE912A9751}
		{C457CBE2-5EFE-43BD-83F1-4535FD9AA660} = {C457CBE2-5EFE-43BD-83F1-4535FD9AA660}
		{403EAFFD-3605-45A1-8E93-B7AFFB58DC4E} = {403EAFFD-3605-45A1-8E93-B7AFFB58DC4E}
	EndProjectSection
EndProject
Project("{F184B08F-C81C-45F6-A57F-5ABD9991F28F}") = "activiser.WebService.InstallationAssistant", "activiser.WebService.InstallationAssistant\activiser.WebService.InstallationAssistant.vbproj", "{7BA4126E-ADF6-4281-91DF-5CBE14F15FBB}"
	ProjectSection(ProjectDependencies) = postProject
		{4A6C552B-BE73-4B8D-BC20-3FF67BF7B953} = {4A6C552B-BE73-4B8D-BC20-3FF67BF7B953}
		{C0AA4A2D-48B5-4755-BF38-8E5C3578D707} = {C0AA4A2D-48B5-4755-BF38-8E5C3578D707}
		{EABE47BB-5BC1-4C1E-9A01-B77CABBF6D56} = {EABE47BB-5BC1-4C1E-9A01-B77CABBF6D56}
		{4F6F7BCB-E870-4237-9603-EBAE912A9751} = {4F6F7BCB-E870-4237-9603-EBAE912A9751}
		{C457CBE2-5EFE-43BD-83F1-4535FD9AA660} = {C457CBE2-5EFE-43BD-83F1-4535FD9AA660}
		{403EAFFD-3605-45A1-8E93-B7AFFB58DC4E} = {403EAFFD-3605-45A1-8E93-B7AFFB58DC4E}
	EndProjectSection
EndProject
Project("{930C7802-8A8C-48F9-8165-68863BCCD9DD}") = "activiser.WebService.WiX", "activiser.WebService.WiX\activiser.WebService.WiX.wixproj", "{0A33AEAE-7086-4FF1-A317-5295140BE817}"
	ProjectSection(ProjectDependencies) = postProject
		{4A6C552B-BE73-4B8D-BC20-3FF67BF7B953} = {4A6C552B-BE73-4B8D-BC20-3FF67BF7B953}
		{C0AA4A2D-48B5-4755-BF38-8E5C3578D707} = {C0AA4A2D-48B5-4755-BF38-8E5C3578D707}
		{7BA4126E-ADF6-4281-91DF-5CBE14F15FBB} = {7BA4126E-ADF6-4281-91DF-5CBE14F15FBB}
		{EABE47BB-5BC1-4C1E-9A01-B77CABBF6D56} = {EABE47BB-5BC1-4C1E-9A01-B77CABBF6D56}
		{4F6F7BCB-E870-4237-9603-EBAE912A9751} = {4F6F7BCB-E870-4237-9603-EBAE912A9751}
		{C457CBE2-5EFE-43BD-83F1-4535FD9AA660} = {C457CBE2-5EFE-43BD-83F1-4535FD9AA660}
		{403EAFFD-3605-45A1-8E93-B7AFFB58DC4E} = {403EAFFD-3605-45A1-8E93-B7AFFB58DC4E}
	EndProjectSection
EndProject
Global
	GlobalSection(SubversionScc) = preSolution
		Svn-Managed = True
		Manager = AnkhSVN - Subversion Support for Visual Studio
	EndGlobalSection
	GlobalSection(SolutionConfigurationPlatforms) = preSolution
		Debug|.NET = Debug|.NET
		Debug|Any CPU = Debug|Any CPU
		Debug|Mixed Platforms = Debug|Mixed Platforms
		Debug|x64 = Debug|x64
		Debug|x86 = Debug|x86
		Release|.NET = Release|.NET
		Release|Any CPU = Release|Any CPU
		Release|Mixed Platforms = Release|Mixed Platforms
		Release|x64 = Release|x64
		Release|x86 = Release|x86
		ReleaseX64|.NET = ReleaseX64|.NET
		ReleaseX64|Any CPU = ReleaseX64|Any CPU
		ReleaseX64|Mixed Platforms = ReleaseX64|Mixed Platforms
		ReleaseX64|x64 = ReleaseX64|x64
		ReleaseX64|x86 = ReleaseX64|x86
	EndGlobalSection
	GlobalSection(ProjectConfigurationPlatforms) = postSolution
		{C0AA4A2D-48B5-4755-BF38-8E5C3578D707}.Debug|.NET.ActiveCfg = Debug|Any CPU
		{C0AA4A2D-48B5-4755-BF38-8E5C3578D707}.Debug|Any CPU.ActiveCfg = Debug|Any CPU
		{C0AA4A2D-48B5-4755-BF38-8E5C3578D707}.Debug|Any CPU.Build.0 = Debug|Any CPU
		{C0AA4A2D-48B5-4755-BF38-8E5C3578D707}.Debug|Mixed Platforms.ActiveCfg = Debug|Any CPU
		{C0AA4A2D-48B5-4755-BF38-8E5C3578D707}.Debug|Mixed Platforms.Build.0 = Debug|Any CPU
		{C0AA4A2D-48B5-4755-BF38-8E5C3578D707}.Debug|x64.ActiveCfg = Debug|Any CPU
		{C0AA4A2D-48B5-4755-BF38-8E5C3578D707}.Debug|x86.ActiveCfg = Debug|Any CPU
		{C0AA4A2D-48B5-4755-BF38-8E5C3578D707}.Release|.NET.ActiveCfg = Release|Any CPU
		{C0AA4A2D-48B5-4755-BF38-8E5C3578D707}.Release|Any CPU.ActiveCfg = Release|Any CPU
		{C0AA4A2D-48B5-4755-BF38-8E5C3578D707}.Release|Any CPU.Build.0 = Release|Any CPU
		{C0AA4A2D-48B5-4755-BF38-8E5C3578D707}.Release|Mixed Platforms.ActiveCfg = Release|Any CPU
		{C0AA4A2D-48B5-4755-BF38-8E5C3578D707}.Release|Mixed Platforms.Build.0 = Release|Any CPU
		{C0AA4A2D-48B5-4755-BF38-8E5C3578D707}.Release|x64.ActiveCfg = Release|Any CPU
		{C0AA4A2D-48B5-4755-BF38-8E5C3578D707}.Release|x86.ActiveCfg = Release|Any CPU
		{C0AA4A2D-48B5-4755-BF38-8E5C3578D707}.ReleaseX64|.NET.ActiveCfg = ReleaseX64|Any CPU
		{C0AA4A2D-48B5-4755-BF38-8E5C3578D707}.ReleaseX64|Any CPU.ActiveCfg = ReleaseX64|Any CPU
		{C0AA4A2D-48B5-4755-BF38-8E5C3578D707}.ReleaseX64|Any CPU.Build.0 = ReleaseX64|Any CPU
		{C0AA4A2D-48B5-4755-BF38-8E5C3578D707}.ReleaseX64|Mixed Platforms.ActiveCfg = ReleaseX64|Any CPU
		{C0AA4A2D-48B5-4755-BF38-8E5C3578D707}.ReleaseX64|Mixed Platforms.Build.0 = ReleaseX64|Any CPU
		{C0AA4A2D-48B5-4755-BF38-8E5C3578D707}.ReleaseX64|x64.ActiveCfg = ReleaseX64|Any CPU
		{C0AA4A2D-48B5-4755-BF38-8E5C3578D707}.ReleaseX64|x86.ActiveCfg = ReleaseX64|Any CPU
		{4F6F7BCB-E870-4237-9603-EBAE912A9751}.Debug|.NET.ActiveCfg = Debug|Any CPU
		{4F6F7BCB-E870-4237-9603-EBAE912A9751}.Debug|Any CPU.ActiveCfg = Debug|Any CPU
		{4F6F7BCB-E870-4237-9603-EBAE912A9751}.Debug|Any CPU.Build.0 = Debug|Any CPU
		{4F6F7BCB-E870-4237-9603-EBAE912A9751}.Debug|Mixed Platforms.ActiveCfg = Debug|Any CPU
		{4F6F7BCB-E870-4237-9603-EBAE912A9751}.Debug|Mixed Platforms.Build.0 = Debug|Any CPU
		{4F6F7BCB-E870-4237-9603-EBAE912A9751}.Debug|x64.ActiveCfg = Debug|Any CPU
		{4F6F7BCB-E870-4237-9603-EBAE912A9751}.Debug|x86.ActiveCfg = Debug|Any CPU
		{4F6F7BCB-E870-4237-9603-EBAE912A9751}.Release|.NET.ActiveCfg = Release|Any CPU
		{4F6F7BCB-E870-4237-9603-EBAE912A9751}.Release|Any CPU.ActiveCfg = Release|Any CPU
		{4F6F7BCB-E870-4237-9603-EBAE912A9751}.Release|Any CPU.Build.0 = Release|Any CPU
		{4F6F7BCB-E870-4237-9603-EBAE912A9751}.Release|Mixed Platforms.ActiveCfg = Release|Any CPU
		{4F6F7BCB-E870-4237-9603-EBAE912A9751}.Release|Mixed Platforms.Build.0 = Release|Any CPU
		{4F6F7BCB-E870-4237-9603-EBAE912A9751}.Release|x64.ActiveCfg = Release|Any CPU
		{4F6F7BCB-E870-4237-9603-EBAE912A9751}.Release|x86.ActiveCfg = Release|Any CPU
		{4F6F7BCB-E870-4237-9603-EBAE912A9751}.ReleaseX64|.NET.ActiveCfg = ReleaseX64|Any CPU
		{4F6F7BCB-E870-4237-9603-EBAE912A9751}.ReleaseX64|Any CPU.ActiveCfg = ReleaseX64|Any CPU
		{4F6F7BCB-E870-4237-9603-EBAE912A9751}.ReleaseX64|Any CPU.Build.0 = ReleaseX64|Any CPU
		{4F6F7BCB-E870-4237-9603-EBAE912A9751}.ReleaseX64|Mixed Platforms.ActiveCfg = ReleaseX64|Any CPU
		{4F6F7BCB-E870-4237-9603-EBAE912A9751}.ReleaseX64|Mixed Platforms.Build.0 = ReleaseX64|Any CPU
		{4F6F7BCB-E870-4237-9603-EBAE912A9751}.ReleaseX64|x64.ActiveCfg = ReleaseX64|Any CPU
		{4F6F7BCB-E870-4237-9603-EBAE912A9751}.ReleaseX64|x86.ActiveCfg = ReleaseX64|Any CPU
		{403EAFFD-3605-45A1-8E93-B7AFFB58DC4E}.Debug|.NET.ActiveCfg = Debug|Any CPU
		{403EAFFD-3605-45A1-8E93-B7AFFB58DC4E}.Debug|Any CPU.ActiveCfg = Debug|Any CPU
		{403EAFFD-3605-45A1-8E93-B7AFFB58DC4E}.Debug|Any CPU.Build.0 = Debug|Any CPU
		{403EAFFD-3605-45A1-8E93-B7AFFB58DC4E}.Debug|Mixed Platforms.ActiveCfg = Debug|Any CPU
		{403EAFFD-3605-45A1-8E93-B7AFFB58DC4E}.Debug|Mixed Platforms.Build.0 = Debug|Any CPU
		{403EAFFD-3605-45A1-8E93-B7AFFB58DC4E}.Debug|x64.ActiveCfg = Debug|Any CPU
		{403EAFFD-3605-45A1-8E93-B7AFFB58DC4E}.Debug|x86.ActiveCfg = Debug|Any CPU
		{403EAFFD-3605-45A1-8E93-B7AFFB58DC4E}.Release|.NET.ActiveCfg = Release|Any CPU
		{403EAFFD-3605-45A1-8E93-B7AFFB58DC4E}.Release|Any CPU.ActiveCfg = Release|Any CPU
		{403EAFFD-3605-45A1-8E93-B7AFFB58DC4E}.Release|Any CPU.Build.0 = Release|Any CPU
		{403EAFFD-3605-45A1-8E93-B7AFFB58DC4E}.Release|Mixed Platforms.ActiveCfg = Release|Any CPU
		{403EAFFD-3605-45A1-8E93-B7AFFB58DC4E}.Release|Mixed Platforms.Build.0 = Release|Any CPU
		{403EAFFD-3605-45A1-8E93-B7AFFB58DC4E}.Release|x64.ActiveCfg = Release|Any CPU
		{403EAFFD-3605-45A1-8E93-B7AFFB58DC4E}.Release|x86.ActiveCfg = Release|Any CPU
		{403EAFFD-3605-45A1-8E93-B7AFFB58DC4E}.ReleaseX64|.NET.ActiveCfg = ReleaseX64|Any CPU
		{403EAFFD-3605-45A1-8E93-B7AFFB58DC4E}.ReleaseX64|Any CPU.ActiveCfg = ReleaseX64|Any CPU
		{403EAFFD-3605-45A1-8E93-B7AFFB58DC4E}.ReleaseX64|Any CPU.Build.0 = ReleaseX64|Any CPU
		{403EAFFD-3605-45A1-8E93-B7AFFB58DC4E}.ReleaseX64|Mixed Platforms.ActiveCfg = ReleaseX64|Any CPU
		{403EAFFD-3605-45A1-8E93-B7AFFB58DC4E}.ReleaseX64|Mixed Platforms.Build.0 = ReleaseX64|Any CPU
		{403EAFFD-3605-45A1-8E93-B7AFFB58DC4E}.ReleaseX64|x64.ActiveCfg = ReleaseX64|Any CPU
		{403EAFFD-3605-45A1-8E93-B7AFFB58DC4E}.ReleaseX64|x86.ActiveCfg = ReleaseX64|Any CPU
		{EABE47BB-5BC1-4C1E-9A01-B77CABBF6D56}.Debug|.NET.ActiveCfg = Debug|Any CPU
		{EABE47BB-5BC1-4C1E-9A01-B77CABBF6D56}.Debug|Any CPU.ActiveCfg = Debug|Any CPU
		{EABE47BB-5BC1-4C1E-9A01-B77CABBF6D56}.Debug|Any CPU.Build.0 = Debug|Any CPU
		{EABE47BB-5BC1-4C1E-9A01-B77CABBF6D56}.Debug|Mixed Platforms.ActiveCfg = Debug|Any CPU
		{EABE47BB-5BC1-4C1E-9A01-B77CABBF6D56}.Debug|Mixed Platforms.Build.0 = Debug|Any CPU
		{EABE47BB-5BC1-4C1E-9A01-B77CABBF6D56}.Debug|x64.ActiveCfg = Debug|Any CPU
		{EABE47BB-5BC1-4C1E-9A01-B77CABBF6D56}.Debug|x86.ActiveCfg = Debug|Any CPU
		{EABE47BB-5BC1-4C1E-9A01-B77CABBF6D56}.Release|.NET.ActiveCfg = Release|Any CPU
		{EABE47BB-5BC1-4C1E-9A01-B77CABBF6D56}.Release|Any CPU.ActiveCfg = Release|Any CPU
		{EABE47BB-5BC1-4C1E-9A01-B77CABBF6D56}.Release|Any CPU.Build.0 = Release|Any CPU
		{EABE47BB-5BC1-4C1E-9A01-B77CABBF6D56}.Release|Mixed Platforms.ActiveCfg = Release|Any CPU
		{EABE47BB-5BC1-4C1E-9A01-B77CABBF6D56}.Release|Mixed Platforms.Build.0 = Release|Any CPU
		{EABE47BB-5BC1-4C1E-9A01-B77CABBF6D56}.Release|x64.ActiveCfg = Release|Any CPU
		{EABE47BB-5BC1-4C1E-9A01-B77CABBF6D56}.Release|x86.ActiveCfg = Release|Any CPU
		{EABE47BB-5BC1-4C1E-9A01-B77CABBF6D56}.ReleaseX64|.NET.ActiveCfg = ReleaseX64|Any CPU
		{EABE47BB-5BC1-4C1E-9A01-B77CABBF6D56}.ReleaseX64|Any CPU.ActiveCfg = ReleaseX64|Any CPU
		{EABE47BB-5BC1-4C1E-9A01-B77CABBF6D56}.ReleaseX64|Any CPU.Build.0 = ReleaseX64|Any CPU
		{EABE47BB-5BC1-4C1E-9A01-B77CABBF6D56}.ReleaseX64|Mixed Platforms.ActiveCfg = ReleaseX64|Any CPU
		{EABE47BB-5BC1-4C1E-9A01-B77CABBF6D56}.ReleaseX64|Mixed Platforms.Build.0 = ReleaseX64|Any CPU
		{EABE47BB-5BC1-4C1E-9A01-B77CABBF6D56}.ReleaseX64|x64.ActiveCfg = ReleaseX64|Any CPU
		{EABE47BB-5BC1-4C1E-9A01-B77CABBF6D56}.ReleaseX64|x86.ActiveCfg = ReleaseX64|Any CPU
		{4A6C552B-BE73-4B8D-BC20-3FF67BF7B953}.Debug|.NET.ActiveCfg = Debug|Any CPU
		{4A6C552B-BE73-4B8D-BC20-3FF67BF7B953}.Debug|Any CPU.ActiveCfg = Debug|Any CPU
		{4A6C552B-BE73-4B8D-BC20-3FF67BF7B953}.Debug|Any CPU.Build.0 = Debug|Any CPU
		{4A6C552B-BE73-4B8D-BC20-3FF67BF7B953}.Debug|Mixed Platforms.ActiveCfg = Debug|Any CPU
		{4A6C552B-BE73-4B8D-BC20-3FF67BF7B953}.Debug|Mixed Platforms.Build.0 = Debug|Any CPU
		{4A6C552B-BE73-4B8D-BC20-3FF67BF7B953}.Debug|x64.ActiveCfg = Debug|Any CPU
		{4A6C552B-BE73-4B8D-BC20-3FF67BF7B953}.Debug|x86.ActiveCfg = Debug|Any CPU
		{4A6C552B-BE73-4B8D-BC20-3FF67BF7B953}.Release|.NET.ActiveCfg = Release|Any CPU
		{4A6C552B-BE73-4B8D-BC20-3FF67BF7B953}.Release|Any CPU.ActiveCfg = Release|Any CPU
		{4A6C552B-BE73-4B8D-BC20-3FF67BF7B953}.Release|Any CPU.Build.0 = Release|Any CPU
		{4A6C552B-BE73-4B8D-BC20-3FF67BF7B953}.Release|Mixed Platforms.ActiveCfg = Release|Any CPU
		{4A6C552B-BE73-4B8D-BC20-3FF67BF7B953}.Release|Mixed Platforms.Build.0 = Release|Any CPU
		{4A6C552B-BE73-4B8D-BC20-3FF67BF7B953}.Release|x64.ActiveCfg = Release|Any CPU
		{4A6C552B-BE73-4B8D-BC20-3FF67BF7B953}.Release|x86.ActiveCfg = Release|Any CPU
		{4A6C552B-BE73-4B8D-BC20-3FF67BF7B953}.ReleaseX64|.NET.ActiveCfg = ReleaseX64|Any CPU
		{4A6C552B-BE73-4B8D-BC20-3FF67BF7B953}.ReleaseX64|Any CPU.ActiveCfg = ReleaseX64|Any CPU
		{4A6C552B-BE73-4B8D-BC20-3FF67BF7B953}.ReleaseX64|Any CPU.Build.0 = ReleaseX64|Any CPU
		{4A6C552B-BE73-4B8D-BC20-3FF67BF7B953}.ReleaseX64|Mixed Platforms.ActiveCfg = ReleaseX64|Any CPU
		{4A6C552B-BE73-4B8D-BC20-3FF67BF7B953}.ReleaseX64|Mixed Platforms.Build.0 = ReleaseX64|Any CPU
		{4A6C552B-BE73-4B8D-BC20-3FF67BF7B953}.ReleaseX64|x64.ActiveCfg = ReleaseX64|Any CPU
		{4A6C552B-BE73-4B8D-BC20-3FF67BF7B953}.ReleaseX64|x86.ActiveCfg = ReleaseX64|Any CPU
		{C457CBE2-5EFE-43BD-83F1-4535FD9AA660}.Debug|.NET.ActiveCfg = Debug|Any CPU
		{C457CBE2-5EFE-43BD-83F1-4535FD9AA660}.Debug|Any CPU.ActiveCfg = Debug|Any CPU
		{C457CBE2-5EFE-43BD-83F1-4535FD9AA660}.Debug|Any CPU.Build.0 = Debug|Any CPU
		{C457CBE2-5EFE-43BD-83F1-4535FD9AA660}.Debug|Mixed Platforms.ActiveCfg = Debug|Any CPU
		{C457CBE2-5EFE-43BD-83F1-4535FD9AA660}.Debug|x64.ActiveCfg = Debug|Any CPU
		{C457CBE2-5EFE-43BD-83F1-4535FD9AA660}.Debug|x86.ActiveCfg = Debug|Any CPU
		{C457CBE2-5EFE-43BD-83F1-4535FD9AA660}.Release|.NET.ActiveCfg = Release|Any CPU
		{C457CBE2-5EFE-43BD-83F1-4535FD9AA660}.Release|Any CPU.ActiveCfg = Release|Any CPU
		{C457CBE2-5EFE-43BD-83F1-4535FD9AA660}.Release|Any CPU.Build.0 = Release|Any CPU
		{C457CBE2-5EFE-43BD-83F1-4535FD9AA660}.Release|Mixed Platforms.ActiveCfg = Release|Any CPU
		{C457CBE2-5EFE-43BD-83F1-4535FD9AA660}.Release|x64.ActiveCfg = Release|Any CPU
		{C457CBE2-5EFE-43BD-83F1-4535FD9AA660}.Release|x86.ActiveCfg = Release|Any CPU
		{C457CBE2-5EFE-43BD-83F1-4535FD9AA660}.ReleaseX64|.NET.ActiveCfg = Release|Any CPU
		{C457CBE2-5EFE-43BD-83F1-4535FD9AA660}.ReleaseX64|Any CPU.ActiveCfg = Release|Any CPU
		{C457CBE2-5EFE-43BD-83F1-4535FD9AA660}.ReleaseX64|Mixed Platforms.ActiveCfg = Release|Any CPU
		{C457CBE2-5EFE-43BD-83F1-4535FD9AA660}.ReleaseX64|x64.ActiveCfg = Release|Any CPU
		{C457CBE2-5EFE-43BD-83F1-4535FD9AA660}.ReleaseX64|x86.ActiveCfg = Release|Any CPU
		{4C1E7CE7-5B51-4865-B03D-2A494BA3053B}.Debug|.NET.ActiveCfg = Debug
		{4C1E7CE7-5B51-4865-B03D-2A494BA3053B}.Debug|.NET.Build.0 = Debug
		{4C1E7CE7-5B51-4865-B03D-2A494BA3053B}.Debug|Any CPU.ActiveCfg = Debug
		{4C1E7CE7-5B51-4865-B03D-2A494BA3053B}.Debug|Mixed Platforms.ActiveCfg = Debug
		{4C1E7CE7-5B51-4865-B03D-2A494BA3053B}.Debug|Mixed Platforms.Build.0 = Debug
		{4C1E7CE7-5B51-4865-B03D-2A494BA3053B}.Debug|x64.ActiveCfg = Debug
		{4C1E7CE7-5B51-4865-B03D-2A494BA3053B}.Debug|x64.Build.0 = Debug
		{4C1E7CE7-5B51-4865-B03D-2A494BA3053B}.Debug|x86.ActiveCfg = Debug
		{4C1E7CE7-5B51-4865-B03D-2A494BA3053B}.Debug|x86.Build.0 = Debug
		{4C1E7CE7-5B51-4865-B03D-2A494BA3053B}.Release|.NET.ActiveCfg = ReleaseX64
		{4C1E7CE7-5B51-4865-B03D-2A494BA3053B}.Release|.NET.Build.0 = ReleaseX64
		{4C1E7CE7-5B51-4865-B03D-2A494BA3053B}.Release|Any CPU.ActiveCfg = Release
		{4C1E7CE7-5B51-4865-B03D-2A494BA3053B}.Release|Any CPU.Build.0 = Release
		{4C1E7CE7-5B51-4865-B03D-2A494BA3053B}.Release|Mixed Platforms.ActiveCfg = ReleaseX64
		{4C1E7CE7-5B51-4865-B03D-2A494BA3053B}.Release|Mixed Platforms.Build.0 = ReleaseX64
		{4C1E7CE7-5B51-4865-B03D-2A494BA3053B}.Release|x64.ActiveCfg = ReleaseX64
		{4C1E7CE7-5B51-4865-B03D-2A494BA3053B}.Release|x64.Build.0 = ReleaseX64
		{4C1E7CE7-5B51-4865-B03D-2A494BA3053B}.Release|x86.ActiveCfg = ReleaseX64
		{4C1E7CE7-5B51-4865-B03D-2A494BA3053B}.Release|x86.Build.0 = ReleaseX64
		{4C1E7CE7-5B51-4865-B03D-2A494BA3053B}.ReleaseX64|.NET.ActiveCfg = ReleaseX64
		{4C1E7CE7-5B51-4865-B03D-2A494BA3053B}.ReleaseX64|.NET.Build.0 = ReleaseX64
		{4C1E7CE7-5B51-4865-B03D-2A494BA3053B}.ReleaseX64|Any CPU.ActiveCfg = ReleaseX64
		{4C1E7CE7-5B51-4865-B03D-2A494BA3053B}.ReleaseX64|Any CPU.Build.0 = ReleaseX64
		{4C1E7CE7-5B51-4865-B03D-2A494BA3053B}.ReleaseX64|Mixed Platforms.ActiveCfg = ReleaseX64
		{4C1E7CE7-5B51-4865-B03D-2A494BA3053B}.ReleaseX64|Mixed Platforms.Build.0 = ReleaseX64
		{4C1E7CE7-5B51-4865-B03D-2A494BA3053B}.ReleaseX64|x64.ActiveCfg = ReleaseX64
		{4C1E7CE7-5B51-4865-B03D-2A494BA3053B}.ReleaseX64|x64.Build.0 = ReleaseX64
		{4C1E7CE7-5B51-4865-B03D-2A494BA3053B}.ReleaseX64|x86.ActiveCfg = ReleaseX64
		{4C1E7CE7-5B51-4865-B03D-2A494BA3053B}.ReleaseX64|x86.Build.0 = ReleaseX64
		{7BA4126E-ADF6-4281-91DF-5CBE14F15FBB}.Debug|.NET.ActiveCfg = Debug|Any CPU
		{7BA4126E-ADF6-4281-91DF-5CBE14F15FBB}.Debug|Any CPU.ActiveCfg = Debug|Any CPU
		{7BA4126E-ADF6-4281-91DF-5CBE14F15FBB}.Debug|Any CPU.Build.0 = Debug|Any CPU
		{7BA4126E-ADF6-4281-91DF-5CBE14F15FBB}.Debug|Mixed Platforms.ActiveCfg = Debug|Any CPU
		{7BA4126E-ADF6-4281-91DF-5CBE14F15FBB}.Debug|Mixed Platforms.Build.0 = Debug|Any CPU
		{7BA4126E-ADF6-4281-91DF-5CBE14F15FBB}.Debug|x64.ActiveCfg = Debug|Any CPU
		{7BA4126E-ADF6-4281-91DF-5CBE14F15FBB}.Debug|x86.ActiveCfg = Debug|Any CPU
		{7BA4126E-ADF6-4281-91DF-5CBE14F15FBB}.Release|.NET.ActiveCfg = Release|Any CPU
		{7BA4126E-ADF6-4281-91DF-5CBE14F15FBB}.Release|Any CPU.ActiveCfg = Release|Any CPU
		{7BA4126E-ADF6-4281-91DF-5CBE14F15FBB}.Release|Any CPU.Build.0 = Release|Any CPU
		{7BA4126E-ADF6-4281-91DF-5CBE14F15FBB}.Release|Mixed Platforms.ActiveCfg = Release|Any CPU
		{7BA4126E-ADF6-4281-91DF-5CBE14F15FBB}.Release|Mixed Platforms.Build.0 = Release|Any CPU
		{7BA4126E-ADF6-4281-91DF-5CBE14F15FBB}.Release|x64.ActiveCfg = Release|Any CPU
		{7BA4126E-ADF6-4281-91DF-5CBE14F15FBB}.Release|x86.ActiveCfg = Release|Any CPU
		{7BA4126E-ADF6-4281-91DF-5CBE14F15FBB}.ReleaseX64|.NET.ActiveCfg = Release|Any CPU
		{7BA4126E-ADF6-4281-91DF-5CBE14F15FBB}.ReleaseX64|Any CPU.ActiveCfg = Release|Any CPU
		{7BA4126E-ADF6-4281-91DF-5CBE14F15FBB}.ReleaseX64|Any CPU.Build.0 = Release|Any CPU
		{7BA4126E-ADF6-4281-91DF-5CBE14F15FBB}.ReleaseX64|Mixed Platforms.ActiveCfg = Release|Any CPU
		{7BA4126E-ADF6-4281-91DF-5CBE14F15FBB}.ReleaseX64|Mixed Platforms.Build.0 = Release|Any CPU
		{7BA4126E-ADF6-4281-91DF-5CBE14F15FBB}.ReleaseX64|x64.ActiveCfg = Release|Any CPU
		{7BA4126E-ADF6-4281-91DF-5CBE14F15FBB}.ReleaseX64|x86.ActiveCfg = Release|Any CPU
		{0A33AEAE-7086-4FF1-A317-5295140BE817}.Debug|.NET.ActiveCfg = Debug|x86
		{0A33AEAE-7086-4FF1-A317-5295140BE817}.Debug|Any CPU.ActiveCfg = Debug|x86
		{0A33AEAE-7086-4FF1-A317-5295140BE817}.Debug|Mixed Platforms.ActiveCfg = Debug|x86
		{0A33AEAE-7086-4FF1-A317-5295140BE817}.Debug|Mixed Platforms.Build.0 = Debug|x86
		{0A33AEAE-7086-4FF1-A317-5295140BE817}.Debug|x64.ActiveCfg = Debug|x86
		{0A33AEAE-7086-4FF1-A317-5295140BE817}.Debug|x86.ActiveCfg = Debug|x86
		{0A33AEAE-7086-4FF1-A317-5295140BE817}.Debug|x86.Build.0 = Debug|x86
		{0A33AEAE-7086-4FF1-A317-5295140BE817}.Release|.NET.ActiveCfg = Release|x86
		{0A33AEAE-7086-4FF1-A317-5295140BE817}.Release|Any CPU.ActiveCfg = Release|x86
		{0A33AEAE-7086-4FF1-A317-5295140BE817}.Release|Mixed Platforms.ActiveCfg = Release|x86
		{0A33AEAE-7086-4FF1-A317-5295140BE817}.Release|Mixed Platforms.Build.0 = Release|x86
		{0A33AEAE-7086-4FF1-A317-5295140BE817}.Release|x64.ActiveCfg = Release|x86
		{0A33AEAE-7086-4FF1-A317-5295140BE817}.Release|x86.ActiveCfg = Release|x86
		{0A33AEAE-7086-4FF1-A317-5295140BE817}.Release|x86.Build.0 = Release|x86
		{0A33AEAE-7086-4FF1-A317-5295140BE817}.ReleaseX64|.NET.ActiveCfg = Release|x86
		{0A33AEAE-7086-4FF1-A317-5295140BE817}.ReleaseX64|Any CPU.ActiveCfg = Release|x86
		{0A33AEAE-7086-4FF1-A317-5295140BE817}.ReleaseX64|Mixed Platforms.ActiveCfg = Release|x86
		{0A33AEAE-7086-4FF1-A317-5295140BE817}.ReleaseX64|Mixed Platforms.Build.0 = Release|x86
		{0A33AEAE-7086-4FF1-A317-5295140BE817}.ReleaseX64|x64.ActiveCfg = Release|x86
		{0A33AEAE-7086-4FF1-A317-5295140BE817}.ReleaseX64|x86.ActiveCfg = Release|x86
		{0A33AEAE-7086-4FF1-A317-5295140BE817}.ReleaseX64|x86.Build.0 = Release|x86
	EndGlobalSection
	GlobalSection(SolutionProperties) = preSolution
		HideSolutionNode = FALSE
	EndGlobalSection
EndGlobal
